
Microsoft Visual Studio Solution File, Format Version 12.00
# Visual Studio Version 17
VisualStudioVersion = 17.10.35027.167
MinimumVisualStudioVersion = 10.0.40219.1
Project("{FAE04EC0-301F-11D3-BF4B-00C04F79EFBC}") = "Restaurant", "Restaurant.csproj", "{89877ABD-3243-4507-B1B5-409E6CD82CA2}"
EndProject
Project("{FAE04EC0-301F-11D3-BF4B-00C04F79EFBC}") = "DomainModel", "..\DomainModel\DomainModel.csproj", "{C9470B63-1A1B-467E-A960-53F3B1291D4D}"
EndProject
Project("{FAE04EC0-301F-11D3-BF4B-00C04F79EFBC}") = "DataAccess", "..\DataAccess\DataAccess.csproj", "{CDD9865E-5FC5-4A1A-9F1F-987D06C1FC82}"
EndProject
Project("{FAE04EC0-301F-11D3-BF4B-00C04F79EFBC}") = "FrameWork", "..\FrameWork\FrameWork.csproj", "{473DE054-94F4-45D9-BDD7-EF7EA187E84B}"
EndProject
Global
	GlobalSection(SolutionConfigurationPlatforms) = preSolution
		Debug|Any CPU = Debug|Any CPU
		Release|Any CPU = Release|Any CPU
	EndGlobalSection
	GlobalSection(ProjectConfigurationPlatforms) = postSolution
		{89877ABD-3243-4507-B1B5-409E6CD82CA2}.Debug|Any CPU.ActiveCfg = Debug|Any CPU
		{89877ABD-3243-4507-B1B5-409E6CD82CA2}.Debug|Any CPU.Build.0 = Debug|Any CPU
		{89877ABD-3243-4507-B1B5-409E6CD82CA2}.Release|Any CPU.ActiveCfg = Release|Any CPU
		{89877ABD-3243-4507-B1B5-409E6CD82CA2}.Release|Any CPU.Build.0 = Release|Any CPU
		{C9470B63-1A1B-467E-A960-53F3B1291D4D}.Debug|Any CPU.ActiveCfg = Debug|Any CPU
		{C9470B63-1A1B-467E-A960-53F3B1291D4D}.Debug|Any CPU.Build.0 = Debug|Any CPU
		{C9470B63-1A1B-467E-A960-53F3B1291D4D}.Release|Any CPU.ActiveCfg = Release|Any CPU
		{C9470B63-1A1B-467E-A960-53F3B1291D4D}.Release|Any CPU.Build.0 = Release|Any CPU
		{CDD9865E-5FC5-4A1A-9F1F-987D06C1FC82}.Debug|Any CPU.ActiveCfg = Debug|Any CPU
		{CDD9865E-5FC5-4A1A-9F1F-987D06C1FC82}.Debug|Any CPU.Build.0 = Debug|Any CPU
		{CDD9865E-5FC5-4A1A-9F1F-987D06C1FC82}.Release|Any CPU.ActiveCfg = Release|Any CPU
		{CDD9865E-5FC5-4A1A-9F1F-987D06C1FC82}.Release|Any CPU.Build.0 = Release|Any CPU
		{473DE054-94F4-45D9-BDD7-EF7EA187E84B}.Debug|Any CPU.ActiveCfg = Debug|Any CPU
		{473DE054-94F4-45D9-BDD7-EF7EA187E84B}.Debug|Any CPU.Build.0 = Debug|Any CPU
		{473DE054-94F4-45D9-BDD7-EF7EA187E84B}.Release|Any CPU.ActiveCfg = Release|Any CPU
		{473DE054-94F4-45D9-BDD7-EF7EA187E84B}.Release|Any CPU.Build.0 = Release|Any CPU
	EndGlobalSection
	GlobalSection(SolutionProperties) = preSolution
		HideSolutionNode = FALSE
	EndGlobalSection
	GlobalSection(ExtensibilityGlobals) = postSolution
		SolutionGuid = {BEA4BFCE-FC3C-4060-9B4C-89D9058551B5}
	EndGlobalSection
EndGlobal
